
Microsoft Visual Studio Solution File, Format Version 12.00
# Visual Studio 15
VisualStudioVersion = 15.0.27004.2002
MinimumVisualStudioVersion = 10.0.40219.1
Project("{888888A0-9F3D-457C-B088-3A5042F75D52}") = "MDP", "MDP\MDP.pyproj", "{86CED4F8-52EC-407B-95AE-FD346B452FC2}"
EndProject
Global
	GlobalSection(SolutionConfigurationPlatforms) = preSolution
		Debug|Any CPU = Debug|Any CPU
		Release|Any CPU = Release|Any CPU
	EndGlobalSection
	GlobalSection(ProjectConfigurationPlatforms) = postSolution
		{86CED4F8-52EC-407B-95AE-FD346B452FC2}.Debug|Any CPU.ActiveCfg = Debug|Any CPU
		{86CED4F8-52EC-407B-95AE-FD346B452FC2}.Release|Any CPU.ActiveCfg = Release|Any CPU
	EndGlobalSection
	GlobalSection(SolutionProperties) = preSolution
		HideSolutionNode = FALSE
	EndGlobalSection
	GlobalSection(ExtensibilityGlobals) = postSolution
		SolutionGuid = {91EAA6DC-9B08-4C29-AC34-1688F40B2823}
	EndGlobalSection
EndGlobal
